
Microsoft Visual Studio Solution File, Format Version 12.00
# Visual Studio Version 17
VisualStudioVersion = 17.2.32630.192
MinimumVisualStudioVersion = 10.0.40219.1
Project("{FAE04EC0-301F-11D3-BF4B-00C04F79EFBC}") = "Project2CS480", "Project2CS480\Project2CS480.csproj", "{0461166B-7266-4312-9400-986A5B08D019}"
EndProject
Project("{FAE04EC0-301F-11D3-BF4B-00C04F79EFBC}") = "Project2CS480.Test", "Project2CS480.test\Project2CS480.Test.csproj", "{356A3EF0-4139-4E2C-98F5-0CDB41C21619}"
EndProject
Global
	GlobalSection(SolutionConfigurationPlatforms) = preSolution
		Debug|Any CPU = Debug|Any CPU
		Release|Any CPU = Release|Any CPU
	EndGlobalSection
	GlobalSection(ProjectConfigurationPlatforms) = postSolution
		{0461166B-7266-4312-9400-986A5B08D019}.Debug|Any CPU.ActiveCfg = Debug|Any CPU
		{0461166B-7266-4312-9400-986A5B08D019}.Debug|Any CPU.Build.0 = Debug|Any CPU
		{0461166B-7266-4312-9400-986A5B08D019}.Release|Any CPU.ActiveCfg = Release|Any CPU
		{0461166B-7266-4312-9400-986A5B08D019}.Release|Any CPU.Build.0 = Release|Any CPU
		{356A3EF0-4139-4E2C-98F5-0CDB41C21619}.Debug|Any CPU.ActiveCfg = Debug|Any CPU
		{356A3EF0-4139-4E2C-98F5-0CDB41C21619}.Debug|Any CPU.Build.0 = Debug|Any CPU
		{356A3EF0-4139-4E2C-98F5-0CDB41C21619}.Release|Any CPU.ActiveCfg = Release|Any CPU
		{356A3EF0-4139-4E2C-98F5-0CDB41C21619}.Release|Any CPU.Build.0 = Release|Any CPU
	EndGlobalSection
	GlobalSection(SolutionProperties) = preSolution
		HideSolutionNode = FALSE
	EndGlobalSection
	GlobalSection(ExtensibilityGlobals) = postSolution
		SolutionGuid = {5E74AE95-050D-4DC4-90E7-474B5532B112}
	EndGlobalSection
EndGlobal
